
Microsoft Visual Studio Solution File, Format Version 12.00
# Visual Studio Version 17
VisualStudioVersion = 17.3.32825.248
MinimumVisualStudioVersion = 10.0.40219.1
Project("{2150E333-8FDC-42A3-9474-1A3956D46DE8}") = "src", "src", "{180B8222-B9BA-4B75-A466-98FED410D4A9}"
EndProject
Project("{2150E333-8FDC-42A3-9474-1A3956D46DE8}") = "corePackages", "corePackages", "{7C0CD254-4AC9-46B2-A883-6BEF23E4E815}"
EndProject
Project("{FAE04EC0-301F-11D3-BF4B-00C04F79EFBC}") = "Core.Application", "src\corePackages\Core.Application\Core.Application.csproj", "{5CAB0725-0BF3-4A84-9C97-C09BCDF70EC0}"
EndProject
Project("{FAE04EC0-301F-11D3-BF4B-00C04F79EFBC}") = "Core.CrossCuttingConcerns", "src\corePackages\Core.CrossCuttingConcerns\Core.CrossCuttingConcerns.csproj", "{78F74B8A-3472-48B5-B7AB-B5EA792F2126}"
EndProject
Project("{FAE04EC0-301F-11D3-BF4B-00C04F79EFBC}") = "Core.ElasticSearch", "src\corePackages\Core.ElasticSearch\Core.ElasticSearch.csproj", "{E8579C4C-2FAE-4D22-BAC2-9E0DB045777A}"
EndProject
Project("{FAE04EC0-301F-11D3-BF4B-00C04F79EFBC}") = "Core.Mailing", "src\corePackages\Core.Mailing\Core.Mailing.csproj", "{931817FD-F909-4E09-8A05-CD715F420986}"
EndProject
Project("{FAE04EC0-301F-11D3-BF4B-00C04F79EFBC}") = "Core.Persistence", "src\corePackages\Core.Persistence\Core.Persistence.csproj", "{16AD1157-750A-40B4-B94A-0D53D5DD5742}"
EndProject
Project("{FAE04EC0-301F-11D3-BF4B-00C04F79EFBC}") = "Core.Security", "src\corePackages\Core.Security\Core.Security.csproj", "{2B447CA4-BE95-4238-BA6F-6BC77D36C5D0}"
EndProject
Project("{2150E333-8FDC-42A3-9474-1A3956D46DE8}") = "demoProjects", "demoProjects", "{E9E8EBA4-75BC-4397-B1D8-9C707D6E8AB8}"
EndProject
Project("{2150E333-8FDC-42A3-9474-1A3956D46DE8}") = "kodlamaIoDevs", "kodlamaIoDevs", "{DEA6787F-DD69-4826-A5A0-CE508FAE3091}"
EndProject
Project("{FAE04EC0-301F-11D3-BF4B-00C04F79EFBC}") = "Application", "src\demoProjects\kodlamaIoDevs\Application\Application.csproj", "{40A494EB-ECEE-4F85-9B3A-04D72D23A254}"
EndProject
Project("{FAE04EC0-301F-11D3-BF4B-00C04F79EFBC}") = "Domain", "src\demoProjects\kodlamaIoDevs\Domain\Domain.csproj", "{97296B68-7C7D-4DF5-95D3-7A1EF4A200F7}"
EndProject
Project("{FAE04EC0-301F-11D3-BF4B-00C04F79EFBC}") = "Infrastructure", "src\demoProjects\kodlamaIoDevs\Infrastructure\Infrastructure.csproj", "{A31C4B48-161D-419E-A142-1EFBF3FA4C25}"
EndProject
Project("{FAE04EC0-301F-11D3-BF4B-00C04F79EFBC}") = "Persistence", "src\demoProjects\kodlamaIoDevs\Persistence\Persistence.csproj", "{AB369DAD-8F3B-4E20-8004-ED17E2A0DD33}"
EndProject
Project("{FAE04EC0-301F-11D3-BF4B-00C04F79EFBC}") = "WebAPI", "src\demoProjects\kodlamaIoDevs\WebAPI\WebAPI.csproj", "{2A95A239-56DA-446C-A97E-E129CBEB8A0F}"
EndProject
Global
	GlobalSection(SolutionConfigurationPlatforms) = preSolution
		Debug|Any CPU = Debug|Any CPU
		Release|Any CPU = Release|Any CPU
	EndGlobalSection
	GlobalSection(ProjectConfigurationPlatforms) = postSolution
		{5CAB0725-0BF3-4A84-9C97-C09BCDF70EC0}.Debug|Any CPU.ActiveCfg = Debug|Any CPU
		{5CAB0725-0BF3-4A84-9C97-C09BCDF70EC0}.Debug|Any CPU.Build.0 = Debug|Any CPU
		{5CAB0725-0BF3-4A84-9C97-C09BCDF70EC0}.Release|Any CPU.ActiveCfg = Release|Any CPU
		{5CAB0725-0BF3-4A84-9C97-C09BCDF70EC0}.Release|Any CPU.Build.0 = Release|Any CPU
		{78F74B8A-3472-48B5-B7AB-B5EA792F2126}.Debug|Any CPU.ActiveCfg = Debug|Any CPU
		{78F74B8A-3472-48B5-B7AB-B5EA792F2126}.Debug|Any CPU.Build.0 = Debug|Any CPU
		{78F74B8A-3472-48B5-B7AB-B5EA792F2126}.Release|Any CPU.ActiveCfg = Release|Any CPU
		{78F74B8A-3472-48B5-B7AB-B5EA792F2126}.Release|Any CPU.Build.0 = Release|Any CPU
		{E8579C4C-2FAE-4D22-BAC2-9E0DB045777A}.Debug|Any CPU.ActiveCfg = Debug|Any CPU
		{E8579C4C-2FAE-4D22-BAC2-9E0DB045777A}.Debug|Any CPU.Build.0 = Debug|Any CPU
		{E8579C4C-2FAE-4D22-BAC2-9E0DB045777A}.Release|Any CPU.ActiveCfg = Release|Any CPU
		{E8579C4C-2FAE-4D22-BAC2-9E0DB045777A}.Release|Any CPU.Build.0 = Release|Any CPU
		{931817FD-F909-4E09-8A05-CD715F420986}.Debug|Any CPU.ActiveCfg = Debug|Any CPU
		{931817FD-F909-4E09-8A05-CD715F420986}.Debug|Any CPU.Build.0 = Debug|Any CPU
		{931817FD-F909-4E09-8A05-CD715F420986}.Release|Any CPU.ActiveCfg = Release|Any CPU
		{931817FD-F909-4E09-8A05-CD715F420986}.Release|Any CPU.Build.0 = Release|Any CPU
		{16AD1157-750A-40B4-B94A-0D53D5DD5742}.Debug|Any CPU.ActiveCfg = Debug|Any CPU
		{16AD1157-750A-40B4-B94A-0D53D5DD5742}.Debug|Any CPU.Build.0 = Debug|Any CPU
		{16AD1157-750A-40B4-B94A-0D53D5DD5742}.Release|Any CPU.ActiveCfg = Release|Any CPU
		{16AD1157-750A-40B4-B94A-0D53D5DD5742}.Release|Any CPU.Build.0 = Release|Any CPU
		{2B447CA4-BE95-4238-BA6F-6BC77D36C5D0}.Debug|Any CPU.ActiveCfg = Debug|Any CPU
		{2B447CA4-BE95-4238-BA6F-6BC77D36C5D0}.Debug|Any CPU.Build.0 = Debug|Any CPU
		{2B447CA4-BE95-4238-BA6F-6BC77D36C5D0}.Release|Any CPU.ActiveCfg = Release|Any CPU
		{2B447CA4-BE95-4238-BA6F-6BC77D36C5D0}.Release|Any CPU.Build.0 = Release|Any CPU
		{40A494EB-ECEE-4F85-9B3A-04D72D23A254}.Debug|Any CPU.ActiveCfg = Debug|Any CPU
		{40A494EB-ECEE-4F85-9B3A-04D72D23A254}.Debug|Any CPU.Build.0 = Debug|Any CPU
		{40A494EB-ECEE-4F85-9B3A-04D72D23A254}.Release|Any CPU.ActiveCfg = Release|Any CPU
		{40A494EB-ECEE-4F85-9B3A-04D72D23A254}.Release|Any CPU.Build.0 = Release|Any CPU
		{97296B68-7C7D-4DF5-95D3-7A1EF4A200F7}.Debug|Any CPU.ActiveCfg = Debug|Any CPU
		{97296B68-7C7D-4DF5-95D3-7A1EF4A200F7}.Debug|Any CPU.Build.0 = Debug|Any CPU
		{97296B68-7C7D-4DF5-95D3-7A1EF4A200F7}.Release|Any CPU.ActiveCfg = Release|Any CPU
		{97296B68-7C7D-4DF5-95D3-7A1EF4A200F7}.Release|Any CPU.Build.0 = Release|Any CPU
		{A31C4B48-161D-419E-A142-1EFBF3FA4C25}.Debug|Any CPU.ActiveCfg = Debug|Any CPU
		{A31C4B48-161D-419E-A142-1EFBF3FA4C25}.Debug|Any CPU.Build.0 = Debug|Any CPU
		{A31C4B48-161D-419E-A142-1EFBF3FA4C25}.Release|Any CPU.ActiveCfg = Release|Any CPU
		{A31C4B48-161D-419E-A142-1EFBF3FA4C25}.Release|Any CPU.Build.0 = Release|Any CPU
		{AB369DAD-8F3B-4E20-8004-ED17E2A0DD33}.Debug|Any CPU.ActiveCfg = Debug|Any CPU
		{AB369DAD-8F3B-4E20-8004-ED17E2A0DD33}.Debug|Any CPU.Build.0 = Debug|Any CPU
		{AB369DAD-8F3B-4E20-8004-ED17E2A0DD33}.Release|Any CPU.ActiveCfg = Release|Any CPU
		{AB369DAD-8F3B-4E20-8004-ED17E2A0DD33}.Release|Any CPU.Build.0 = Release|Any CPU
		{2A95A239-56DA-446C-A97E-E129CBEB8A0F}.Debug|Any CPU.ActiveCfg = Debug|Any CPU
		{2A95A239-56DA-446C-A97E-E129CBEB8A0F}.Debug|Any CPU.Build.0 = Debug|Any CPU
		{2A95A239-56DA-446C-A97E-E129CBEB8A0F}.Release|Any CPU.ActiveCfg = Release|Any CPU
		{2A95A239-56DA-446C-A97E-E129CBEB8A0F}.Release|Any CPU.Build.0 = Release|Any CPU
	EndGlobalSection
	GlobalSection(SolutionProperties) = preSolution
		HideSolutionNode = FALSE
	EndGlobalSection
	GlobalSection(NestedProjects) = preSolution
		{7C0CD254-4AC9-46B2-A883-6BEF23E4E815} = {180B8222-B9BA-4B75-A466-98FED410D4A9}
		{5CAB0725-0BF3-4A84-9C97-C09BCDF70EC0} = {7C0CD254-4AC9-46B2-A883-6BEF23E4E815}
		{78F74B8A-3472-48B5-B7AB-B5EA792F2126} = {7C0CD254-4AC9-46B2-A883-6BEF23E4E815}
		{E8579C4C-2FAE-4D22-BAC2-9E0DB045777A} = {7C0CD254-4AC9-46B2-A883-6BEF23E4E815}
		{931817FD-F909-4E09-8A05-CD715F420986} = {7C0CD254-4AC9-46B2-A883-6BEF23E4E815}
		{16AD1157-750A-40B4-B94A-0D53D5DD5742} = {7C0CD254-4AC9-46B2-A883-6BEF23E4E815}
		{2B447CA4-BE95-4238-BA6F-6BC77D36C5D0} = {7C0CD254-4AC9-46B2-A883-6BEF23E4E815}
		{E9E8EBA4-75BC-4397-B1D8-9C707D6E8AB8} = {180B8222-B9BA-4B75-A466-98FED410D4A9}
		{DEA6787F-DD69-4826-A5A0-CE508FAE3091} = {E9E8EBA4-75BC-4397-B1D8-9C707D6E8AB8}
		{40A494EB-ECEE-4F85-9B3A-04D72D23A254} = {DEA6787F-DD69-4826-A5A0-CE508FAE3091}
		{97296B68-7C7D-4DF5-95D3-7A1EF4A200F7} = {DEA6787F-DD69-4826-A5A0-CE508FAE3091}
		{A31C4B48-161D-419E-A142-1EFBF3FA4C25} = {DEA6787F-DD69-4826-A5A0-CE508FAE3091}
		{AB369DAD-8F3B-4E20-8004-ED17E2A0DD33} = {DEA6787F-DD69-4826-A5A0-CE508FAE3091}
		{2A95A239-56DA-446C-A97E-E129CBEB8A0F} = {DEA6787F-DD69-4826-A5A0-CE508FAE3091}
	EndGlobalSection
	GlobalSection(ExtensibilityGlobals) = postSolution
		SolutionGuid = {95A5429A-4B0D-43D7-B4F2-28E16DA38F2F}
	EndGlobalSection
EndGlobal
